PODS:
  - Masonry (1.1.0)
  - SDWebImage (5.8.4):
    - SDWebImage/Core (= 5.8.4)
  - SDWebImage/Core (5.8.4)

DEPENDENCIES:
  - Masonry
  - SDWebImage

SPEC REPOS:
  trunk:
    - Masonry
    - SDWebImage

SPEC CHECKSUMS:
  Masonry: 678fab65091a9290e40e2832a55e7ab731aad201
  SDWebImage: cf6922231e95550934da2ada0f20f2becf2ceba9

PODFILE CHECKSUM: cd9f369345996791ff67f632422c16abfe7efc0d

COCOAPODS: 1.9.3
